// !$*UTF8*$!
{
	archiveVersion = 1;
	classes = {
	};
	objectVersion = 50;
	objects = {

/* Begin PBXBuildFile section */
		7A2C3B6C262C1FFC00399BDD /* 4.png in Resources */ = {isa = PBXBuildFile; fileRef = 7A2C3B68262C1FFC00399BDD /* 4.png */; };
		7A2C3B6D262C1FFC00399BDD /* 1.png in Resources */ = {isa = PBXBuildFile; fileRef = 7A2C3B69262C1FFC00399BDD /* 1.png */; };
		7A2C3B6E262C1FFC00399BDD /* 2.png in Resources */ = {isa = PBXBuildFile; fileRef = 7A2C3B6A262C1FFC00399BDD /* 2.png */; };
		7A2C3B6F262C1FFC00399BDD /* 3.png in Resources */ = {isa = PBXBuildFile; fileRef = 7A2C3B6B262C1FFC00399BDD /* 3.png */; };
		7AB6C9D7262836DA00E93A93 /* AppDelegate.swift in Sources */ = {isa = PBXBuildFile; fileRef = 7AB6C9D6262836DA00E93A93 /* AppDelegate.swift */; };
		7AB6C9D9262836DA00E93A93 /* SceneDelegate.swift in Sources */ = {isa = PBXBuildFile; fileRef = 7AB6C9D8262836DA00E93A93 /* SceneDelegate.swift */; };
		7AB6C9DD262836DC00E93A93 /* Assets.xcassets in Resources */ = {isa = PBXBuildFile; fileRef = 7AB6C9DC262836DC00E93A93 /* Assets.xcassets */; };
		7AB6C9E0262836DC00E93A93 /* Preview Assets.xcassets in Resources */ = {isa = PBXBuildFile; fileRef = 7AB6C9DF262836DC00E93A93 /* Preview Assets.xcassets */; };
		7AB6C9E3262836DC00E93A93 /* LaunchScreen.storyboard in Resources */ = {isa = PBXBuildFile; fileRef = 7AB6C9E1262836DC00E93A93 /* LaunchScreen.storyboard */; };
		7AB6C9F42629484500E93A93 /* Image.png in Resources */ = {isa = PBXBuildFile; fileRef = 7AB6C9F32629484500E93A93 /* Image.png */; };
		7ABC6E61262BEF700033DE0D /* CustomTabBarView.swift in Sources */ = {isa = PBXBuildFile; fileRef = 7ABC6E60262BEF700033DE0D /* CustomTabBarView.swift */; };
		7AD618BD262AEC56004FC207 /* SwiftUIPlayer.swift in Sources */ = {isa = PBXBuildFile; fileRef = 7AD618BC262AEC56004FC207 /* SwiftUIPlayer.swift */; };
		7AD618C5262AED5C004FC207 /* MeditationList.swift in Sources */ = {isa = PBXBuildFile; fileRef = 7AD618C4262AED5C004FC207 /* MeditationList.swift */; };
		7AD618D0262B321F004FC207 /* SwiftUIContentView.swift in Sources */ = {isa = PBXBuildFile; fileRef = 7AD618CF262B321F004FC207 /* SwiftUIContentView.swift */; };
/* End PBXBuildFile section */

/* Begin PBXFileReference section */
		7A2C3B68262C1FFC00399BDD /* 4.png */ = {isa = PBXFileReference; lastKnownFileType = image.png; path = 4.png; sourceTree = "<group>"; };
		7A2C3B69262C1FFC00399BDD /* 1.png */ = {isa = PBXFileReference; lastKnownFileType = image.png; path = 1.png; sourceTree = "<group>"; };
		7A2C3B6A262C1FFC00399BDD /* 2.png */ = {isa = PBXFileReference; lastKnownFileType = image.png; path = 2.png; sourceTree = "<group>"; };
		7A2C3B6B262C1FFC00399BDD /* 3.png */ = {isa = PBXFileReference; lastKnownFileType = image.png; path = 3.png; sourceTree = "<group>"; };
		7AB6C9D3262836DA00E93A93 /* MeditatioiPlayer.app */ = {isa = PBXFileReference; explicitFileType = wrapper.application; includeInIndex = 0; path = MeditatioiPlayer.app; sourceTree = BUILT_PRODUCTS_DIR; };
		7AB6C9D6262836DA00E93A93 /* AppDelegate.swift */ = {isa = PBXFileReference; lastKnownFileType = sourcecode.swift; path = AppDelegate.swift; sourceTree = "<group>"; };
		7AB6C9D8262836DA00E93A93 /* SceneDelegate.swift */ = {isa = PBXFileReference; lastKnownFileType = sourcecode.swift; path = SceneDelegate.swift; sourceTree = "<group>"; };
		7AB6C9DC262836DC00E93A93 /* Assets.xcassets */ = {isa = PBXFileReference; lastKnownFileType = folder.assetcatalog; path = Assets.xcassets; sourceTree = "<group>"; };
		7AB6C9DF262836DC00E93A93 /* Preview Assets.xcassets */ = {isa = PBXFileReference; lastKnownFileType = folder.assetcatalog; path = "Preview Assets.xcassets"; sourceTree = "<group>"; };
		7AB6C9E2262836DC00E93A93 /* Base */ = {isa = PBXFileReference; lastKnownFileType = file.storyboard; name = Base; path = Base.lproj/LaunchScreen.storyboard; sourceTree = "<group>"; };
		7AB6C9E4262836DC00E93A93 /* Info.plist */ = {isa = PBXFileReference; lastKnownFileType = text.plist.xml; path = Info.plist; sourceTree = "<group>"; };
		7AB6C9F32629484500E93A93 /* Image.png */ = {isa = PBXFileReference; lastKnownFileType = image.png; path = Image.png; sourceTree = "<group>"; };
		7ABC6E60262BEF700033DE0D /* CustomTabBarView.swift */ = {isa = PBXFileReference; lastKnownFileType = sourcecode.swift; path = CustomTabBarView.swift; sourceTree = "<group>"; };
		7AD618BC262AEC56004FC207 /* SwiftUIPlayer.swift */ = {isa = PBXFileReference; fileEncoding = 4; lastKnownFileType = sourcecode.swift; path = SwiftUIPlayer.swift; sourceTree = "<group>"; };
		7AD618C4262AED5C004FC207 /* MeditationList.swift */ = {isa = PBXFileReference; lastKnownFileType = sourcecode.swift; path = MeditationList.swift; sourceTree = "<group>"; };
		7AD618CF262B321F004FC207 /* SwiftUIContentView.swift */ = {isa = PBXFileReference; lastKnownFileType = sourcecode.swift; path = SwiftUIContentView.swift; sourceTree = "<group>"; };
/* End PBXFileReference section */

/* Begin PBXFrameworksBuildPhase section */
		7AB6C9D0262836DA00E93A93 /* Frameworks */ = {
			isa = PBXFrameworksBuildPhase;
			buildActionMask = 2147483647;
			files = (
			);
			runOnlyForDeploymentPostprocessing = 0;
		};
/* End PBXFrameworksBuildPhase section */

/* Begin PBXGroup section */
		7AB6C9CA262836DA00E93A93 = {
			isa = PBXGroup;
			children = (
				7AB6C9D5262836DA00E93A93 /* MeditatioiPlayer */,
				7AB6C9D4262836DA00E93A93 /* Products */,
			);
			sourceTree = "<group>";
		};
		7AB6C9D4262836DA00E93A93 /* Products */ = {
			isa = PBXGroup;
			children = (
				7AB6C9D3262836DA00E93A93 /* MeditatioiPlayer.app */,
			);
			name = Products;
			sourceTree = "<group>";
		};
		7AB6C9D5262836DA00E93A93 /* MeditatioiPlayer */ = {
			isa = PBXGroup;
			children = (
				7AB6C9F22629480A00E93A93 /* Screenshot */,
				7AB6C9D6262836DA00E93A93 /* AppDelegate.swift */,
				7AB6C9D8262836DA00E93A93 /* SceneDelegate.swift */,
				7ABC6E60262BEF700033DE0D /* CustomTabBarView.swift */,
				7AD618BC262AEC56004FC207 /* SwiftUIPlayer.swift */,
				7AD618CF262B321F004FC207 /* SwiftUIContentView.swift */,
				7AD618C4262AED5C004FC207 /* MeditationList.swift */,
				7AB6C9DC262836DC00E93A93 /* Assets.xcassets */,
				7AB6C9E1262836DC00E93A93 /* LaunchScreen.storyboard */,
				7AB6C9E4262836DC00E93A93 /* Info.plist */,
				7AB6C9DE262836DC00E93A93 /* Preview Content */,
			);
			path = MeditatioiPlayer;
			sourceTree = "<group>";
		};
		7AB6C9DE262836DC00E93A93 /* Preview Content */ = {
			isa = PBXGroup;
			children = (
				7AB6C9DF262836DC00E93A93 /* Preview Assets.xcassets */,
			);
			path = "Preview Content";
			sourceTree = "<group>";
		};
		7AB6C9F22629480A00E93A93 /* Screenshot */ = {
			isa = PBXGroup;
			children = (
				7A2C3B69262C1FFC00399BDD /* 1.png */,
				7A2C3B6A262C1FFC00399BDD /* 2.png */,
				7A2C3B6B262C1FFC00399BDD /* 3.png */,
				7A2C3B68262C1FFC00399BDD /* 4.png */,
				7AB6C9F32629484500E93A93 /* Image.png */,
			);
			path = Screenshot;
			sourceTree = "<group>";
		};
/* End PBXGroup section */

/* Begin PBXNativeTarget section */
		7AB6C9D2262836DA00E93A93 /* MeditatioiPlayer */ = {
			isa = PBXNativeTarget;
			buildConfigurationList = 7AB6C9E7262836DC00E93A93 /* Build configuration list for PBXNativeTarget "MeditatioiPlayer" */;
			buildPhases = (
				7AB6C9CF262836DA00E93A93 /* Sources */,
				7AB6C9D0262836DA00E93A93 /* Frameworks */,
				7AB6C9D1262836DA00E93A93 /* Resources */,
			);
			buildRules = (
			);
			dependencies = (
			);
			name = MeditatioiPlayer;
			productName = MeditatioiPlayer;
			productReference = 7AB6C9D3262836DA00E93A93 /* MeditatioiPlayer.app */;
			productType = "com.apple.product-type.application";
		};
/* End PBXNativeTarget section */

/* Begin PBXProject section */
		7AB6C9CB262836DA00E93A93 /* Project object */ = {
			isa = PBXProject;
			attributes = {
				LastSwiftUpdateCheck = 1240;
				LastUpgradeCheck = 1240;
				TargetAttributes = {
					7AB6C9D2262836DA00E93A93 = {
						CreatedOnToolsVersion = 12.4;
					};
				};
			};
			buildConfigurationList = 7AB6C9CE262836DA00E93A93 /* Build configuration list for PBXProject "MeditatioiPlayer" */;
			compatibilityVersion = "Xcode 9.3";
			developmentRegion = en;
			hasScannedForEncodings = 0;
			knownRegions = (
				en,
				Base,
			);
			mainGroup = 7AB6C9CA262836DA00E93A93;
			productRefGroup = 7AB6C9D4262836DA00E93A93 /* Products */;
			projectDirPath = "";
			projectRoot = "";
			targets = (
				7AB6C9D2262836DA00E93A93 /* MeditatioiPlayer */,
			);
		};
/* End PBXProject section */

/* Begin PBXResourcesBuildPhase section */
		7AB6C9D1262836DA00E93A93 /* Resources */ = {
			isa = PBXResourcesBuildPhase;
			buildActionMask = 2147483647;
			files = (
				7AB6C9E3262836DC00E93A93 /* LaunchScreen.storyboard in Resources */,
				7AB6C9E0262836DC00E93A93 /* Preview Assets.xcassets in Resources */,
				7A2C3B6E262C1FFC00399BDD /* 2.png in Resources */,
				7A2C3B6F262C1FFC00399BDD /* 3.png in Resources */,
				7AB6C9DD262836DC00E93A93 /* Assets.xcassets in Resources */,
				7A2C3B6D262C1FFC00399BDD /* 1.png in Resources */,
				7A2C3B6C262C1FFC00399BDD /* 4.png in Resources */,
				7AB6C9F42629484500E93A93 /* Image.png in Resources */,
			);
			runOnlyForDeploymentPostprocessing = 0;
		};
/* End PBXResourcesBuildPhase section */

/* Begin PBXSourcesBuildPhase section */
		7AB6C9CF262836DA00E93A93 /* Sources */ = {
			isa = PBXSourcesBuildPhase;
			buildActionMask = 2147483647;
			files = (
				7AD618BD262AEC56004FC207 /* SwiftUIPlayer.swift in Sources */,
				7AB6C9D7262836DA00E93A93 /* AppDelegate.swift in Sources */,
				7AB6C9D9262836DA00E93A93 /* SceneDelegate.swift in Sources */,
				7AD618D0262B321F004FC207 /* SwiftUIContentView.swift in Sources */,
				7ABC6E61262BEF700033DE0D /* CustomTabBarView.swift in Sources */,
				7AD618C5262AED5C004FC207 /* MeditationList.swift in Sources */,
			);
			runOnlyForDeploymentPostprocessing = 0;
		};
/* End PBXSourcesBuildPhase section */

/* Begin PBXVariantGroup section */
		7AB6C9E1262836DC00E93A93 /* LaunchScreen.storyboard */ = {
			isa = PBXVariantGroup;
			children = (
				7AB6C9E2262836DC00E93A93 /* Base */,
			);
			name = LaunchScreen.storyboard;
			sourceTree = "<group>";
		};
/* End PBXVariantGroup section */

/* Begin XCBuildConfiguration section */
		7AB6C9E5262836DC00E93A93 /* Debug */ = {
			isa = XCBuildConfiguration;
			buildSettings = {
				ALWAYS_SEARCH_USER_PATHS = NO;
				CLANG_ANALYZER_NONNULL = YES;
				CLANG_ANALYZER_NUMBER_OBJECT_CONVERSION = YES_AGGRESSIVE;
				CLANG_CXX_LANGUAGE_STANDARD = "gnu++14";
				CLANG_CXX_LIBRARY = "libc++";
				CLANG_ENABLE_MODULES = YES;
				CLANG_ENABLE_OBJC_ARC = YES;
				CLANG_ENABLE_OBJC_WEAK = YES;
				CLANG_WARN_BLOCK_CAPTURE_AUTORELEASING = YES;
				CLANG_WARN_BOOL_CONVERSION = YES;
				CLANG_WARN_COMMA = YES;
				CLANG_WARN_CONSTANT_CONVERSION = YES;
				CLANG_WARN_DEPRECATED_OBJC_IMPLEMENTATIONS = YES;
				CLANG_WARN_DIRECT_OBJC_ISA_USAGE = YES_ERROR;
				CLANG_WARN_DOCUMENTATION_COMMENTS = YES;
				CLANG_WARN_EMPTY_BODY = YES;
				CLANG_WARN_ENUM_CONVERSION = YES;
				CLANG_WARN_INFINITE_RECURSION = YES;
				CLANG_WARN_INT_CONVERSION = YES;
				CLANG_WARN_NON_LITERAL_NULL_CONVERSION = YES;
				CLANG_WARN_OBJC_IMPLICIT_RETAIN_SELF = YES;
				CLANG_WARN_OBJC_LITERAL_CONVERSION = YES;
				CLANG_WARN_OBJC_ROOT_CLASS = YES_ERROR;
				CLANG_WARN_QUOTED_INCLUDE_IN_FRAMEWORK_HEADER = YES;
				CLANG_WARN_RANGE_LOOP_ANALYSIS = YES;
				CLANG_WARN_STRICT_PROTOTYPES = YES;
				CLANG_WARN_SUSPICIOUS_MOVE = YES;
				CLANG_WARN_UNGUARDED_AVAILABILITY = YES_AGGRESSIVE;
				CLANG_WARN_UNREACHABLE_CODE = YES;
				CLANG_WARN__DUPLICATE_METHOD_MATCH = YES;
				COPY_PHASE_STRIP = NO;
				DEBUG_INFORMATION_FORMAT = dwarf;
				ENABLE_STRICT_OBJC_MSGSEND = YES;
				ENABLE_TESTABILITY = YES;
				GCC_C_LANGUAGE_STANDARD = gnu11;
				GCC_DYNAMIC_NO_PIC = NO;
				GCC_NO_COMMON_BLOCKS = YES;
				GCC_OPTIMIZATION_LEVEL = 0;
				GCC_PREPROCESSOR_DEFINITIONS = (
					"DEBUG=1",
					"$(inherited)",
				);
				GCC_WARN_64_TO_32_BIT_CONVERSION = YES;
				GCC_WARN_ABOUT_RETURN_TYPE = YES_ERROR;
				GCC_WARN_UNDECLARED_SELECTOR = YES;
				GCC_WARN_UNINITIALIZED_AUTOS = YES_AGGRESSIVE;
				GCC_WARN_UNUSED_FUNCTION = YES;
				GCC_WARN_UNUSED_VARIABLE = YES;
				IPHONEOS_DEPLOYMENT_TARGET = 14.4;
				MTL_ENABLE_DEBUG_INFO = INCLUDE_SOURCE;
				MTL_FAST_MATH = YES;
				ONLY_ACTIVE_ARCH = YES;
				SDKROOT = iphoneos;
				SWIFT_ACTIVE_COMPILATION_CONDITIONS = DEBUG;
				SWIFT_OPTIMIZATION_LEVEL = "-Onone";
			};
			name = Debug;
		};
		7AB6C9E6262836DC00E93A93 /* Release */ = {
			isa = XCBuildConfiguration;
			buildSettings = {
				ALWAYS_SEARCH_USER_PATHS = NO;
				CLANG_ANALYZER_NONNULL = YES;
				CLANG_ANALYZER_NUMBER_OBJECT_CONVERSION = YES_AGGRESSIVE;
				CLANG_CXX_LANGUAGE_STANDARD = "gnu++14";
				CLANG_CXX_LIBRARY = "libc++";
				CLANG_ENABLE_MODULES = YES;
				CLANG_ENABLE_OBJC_ARC = YES;
				CLANG_ENABLE_OBJC_WEAK = YES;
				CLANG_WARN_BLOCK_CAPTURE_AUTORELEASING = YES;
				CLANG_WARN_BOOL_CONVERSION = YES;
				CLANG_WARN_COMMA = YES;
				CLANG_WARN_CONSTANT_CONVERSION = YES;
				CLANG_WARN_DEPRECATED_OBJC_IMPLEMENTATIONS = YES;
				CLANG_WARN_DIRECT_OBJC_ISA_USAGE = YES_ERROR;
				CLANG_WARN_DOCUMENTATION_COMMENTS = YES;
				CLANG_WARN_EMPTY_BODY = YES;
				CLANG_WARN_ENUM_CONVERSION = YES;
				CLANG_WARN_INFINITE_RECURSION = YES;
				CLANG_WARN_INT_CONVERSION = YES;
				CLANG_WARN_NON_LITERAL_NULL_CONVERSION = YES;
				CLANG_WARN_OBJC_IMPLICIT_RETAIN_SELF = YES;
				CLANG_WARN_OBJC_LITERAL_CONVERSION = YES;
				CLANG_WARN_OBJC_ROOT_CLASS = YES_ERROR;
				CLANG_WARN_QUOTED_INCLUDE_IN_FRAMEWORK_HEADER = YES;
				CLANG_WARN_RANGE_LOOP_ANALYSIS = YES;
				CLANG_WARN_STRICT_PROTOTYPES = YES;
				CLANG_WARN_SUSPICIOUS_MOVE = YES;
				CLANG_WARN_UNGUARDED_AVAILABILITY = YES_AGGRESSIVE;
				CLANG_WARN_UNREACHABLE_CODE = YES;
				CLANG_WARN__DUPLICATE_METHOD_MATCH = YES;
				COPY_PHASE_STRIP = NO;
				DEBUG_INFORMATION_FORMAT = "dwarf-with-dsym";
				ENABLE_NS_ASSERTIONS = NO;
				ENABLE_STRICT_OBJC_MSGSEND = YES;
				GCC_C_LANGUAGE_STANDARD = gnu11;
				GCC_NO_COMMON_BLOCKS = YES;
				GCC_WARN_64_TO_32_BIT_CONVERSION = YES;
				GCC_WARN_ABOUT_RETURN_TYPE = YES_ERROR;
				GCC_WARN_UNDECLARED_SELECTOR = YES;
				GCC_WARN_UNINITIALIZED_AUTOS = YES_AGGRESSIVE;
				GCC_WARN_UNUSED_FUNCTION = YES;
				GCC_WARN_UNUSED_VARIABLE = YES;
				IPHONEOS_DEPLOYMENT_TARGET = 14.4;
				MTL_ENABLE_DEBUG_INFO = NO;
				MTL_FAST_MATH = YES;
				SDKROOT = iphoneos;
				SWIFT_COMPILATION_MODE = wholemodule;
				SWIFT_OPTIMIZATION_LEVEL = "-O";
				VALIDATE_PRODUCT = YES;
			};
			name = Release;
		};
		7AB6C9E8262836DC00E93A93 /* Debug */ = {
			isa = XCBuildConfiguration;
			buildSettings = {
				ASSETCATALOG_COMPILER_APPICON_NAME = AppIcon;
				ASSETCATALOG_COMPILER_GLOBAL_ACCENT_COLOR_NAME = AccentColor;
				CODE_SIGN_STYLE = Automatic;
				DEVELOPMENT_ASSET_PATHS = "\"MeditatioiPlayer/Preview Content\"";
				ENABLE_PREVIEWS = YES;
				INFOPLIST_FILE = MeditatioiPlayer/Info.plist;
				LD_RUNPATH_SEARCH_PATHS = (
					"$(inherited)",
					"@executable_path/Frameworks",
				);
				PRODUCT_BUNDLE_IDENTIFIER = com.kwork.MeditatioiPlayer;
				PRODUCT_NAME = "$(TARGET_NAME)";
				SWIFT_VERSION = 5.0;
				TARGETED_DEVICE_FAMILY = "1,2";
			};
			name = Debug;
		};
		7AB6C9E9262836DC00E93A93 /* Release */ = {
			isa = XCBuildConfiguration;
			buildSettings = {
				ASSETCATALOG_COMPILER_APPICON_NAME = AppIcon;
				ASSETCATALOG_COMPILER_GLOBAL_ACCENT_COLOR_NAME = AccentColor;
				CODE_SIGN_STYLE = Automatic;
				DEVELOPMENT_ASSET_PATHS = "\"MeditatioiPlayer/Preview Content\"";
				ENABLE_PREVIEWS = YES;
				INFOPLIST_FILE = MeditatioiPlayer/Info.plist;
				LD_RUNPATH_SEARCH_PATHS = (
					"$(inherited)",
					"@executable_path/Frameworks",
				);
				PRODUCT_BUNDLE_IDENTIFIER = com.kwork.MeditatioiPlayer;
				PRODUCT_NAME = "$(TARGET_NAME)";
				SWIFT_VERSION = 5.0;
				TARGETED_DEVICE_FAMILY = "1,2";
			};
			name = Release;
		};
/* End XCBuildConfiguration section */

/* Begin XCConfigurationList section */
		7AB6C9CE262836DA00E93A93 /* Build configuration list for PBXProject "MeditatioiPlayer" */ = {
			isa = XCConfigurationList;
			buildConfigurations = (
				7AB6C9E5262836DC00E93A93 /* Debug */,
				7AB6C9E6262836DC00E93A93 /* Release */,
			);
			defaultConfigurationIsVisible = 0;
			defaultConfigurationName = Release;
		};
		7AB6C9E7262836DC00E93A93 /* Build configuration list for PBXNativeTarget "MeditatioiPlayer" */ = {
			isa = XCConfigurationList;
			buildConfigurations = (
				7AB6C9E8262836DC00E93A93 /* Debug */,
				7AB6C9E9262836DC00E93A93 /* Release */,
			);
			defaultConfigurationIsVisible = 0;
			defaultConfigurationName = Release;
		};
/* End XCConfigurationList section */
	};
	rootObject = 7AB6C9CB262836DA00E93A93 /* Project object */;
}
